schema_version: 1
scope: exact-om-paper-v1-declared-matrix
note: "This locks checked-in task descriptors. Each run manifest additionally hashes materialized source, target, reference, candidate pool, and fitted artifacts."
tracks:
  bioml_hf:
    descriptor: ../../exact/tracks/builtin/bioml_hf.yaml
    descriptor_sha256: cd89ce8f3418f81158a3fb69c7045198f8954391091d9ecfa214ad1466fddb8d
    revision: "2026"
    roles: [train, valid, test]
  conference:
    descriptor: ../../exact/tracks/builtin/conference.yaml
    descriptor_sha256: db2daec1789276377b9a2f78542f02b0c32e2f92caaf020530ac079471428c9e
    revision: "2025"
    roles: [test]
